// !$*UTF8*$!
{
	archiveVersion = 1;
	classes = {
	};
	objectVersion = 46;
	objects = {

/* Begin PBXBuildFile section */
		837254981F3177AC0046A5CB /* NSData+AES256.m in Sources */ = {isa = PBXBuildFile; fileRef = 8372543D1F3177AC0046A5CB /* NSData+AES256.m */; };
		837254991F3177AC0046A5CB /* NSString+AES256.m in Sources */ = {isa = PBXBuildFile; fileRef = 8372543F1F3177AC0046A5CB /* NSString+AES256.m */; };
		8372549A1F3177AC0046A5CB /* libcrypto.a in Frameworks */ = {isa = PBXBuildFile; fileRef = 837254401F3177AC0046A5CB /* libcrypto.a */; };
		8372549B1F3177AC0046A5CB /* libssl.a in Frameworks */ = {isa = PBXBuildFile; fileRef = 837254411F3177AC0046A5CB /* libssl.a */; };
		8372549C1F3177AC0046A5CB /* openssl_wrapper.m in Sources */ = {isa = PBXBuildFile; fileRef = 837254901F3177AC0046A5CB /* openssl_wrapper.m */; };
		8372549D1F3177AC0046A5CB /* RSADataSigner.m in Sources */ = {isa = PBXBuildFile; fileRef = 837254921F3177AC0046A5CB /* RSADataSigner.m */; };
		8372549E1F3177AC0046A5CB /* RSADataVerifier.m in Sources */ = {isa = PBXBuildFile; fileRef = 837254941F3177AC0046A5CB /* RSADataVerifier.m */; };
		8372549F1F3177AC0046A5CB /* YBEncryptUtil.m in Sources */ = {isa = PBXBuildFile; fileRef = 837254971F3177AC0046A5CB /* YBEncryptUtil.m */; };
		837A952A1F306613006D93ED /* main.m in Sources */ = {isa = PBXBuildFile; fileRef = 837A95291F306613006D93ED /* main.m */; };
		837A952D1F306614006D93ED /* AppDelegate.m in Sources */ = {isa = PBXBuildFile; fileRef = 837A952C1F306614006D93ED /* AppDelegate.m */; };
		837A95301F306614006D93ED /* ViewController.m in Sources */ = {isa = PBXBuildFile; fileRef = 837A952F1F306614006D93ED /* ViewController.m */; };
		837A95331F306614006D93ED /* Main.storyboard in Resources */ = {isa = PBXBuildFile; fileRef = 837A95311F306614006D93ED /* Main.storyboard */; };
		837A95351F306614006D93ED /* Assets.xcassets in Resources */ = {isa = PBXBuildFile; fileRef = 837A95341F306614006D93ED /* Assets.xcassets */; };
		837A95381F306614006D93ED /* LaunchScreen.storyboard in Resources */ = {isa = PBXBuildFile; fileRef = 837A95361F306614006D93ED /* LaunchScreen.storyboard */; };
		837A95431F306614006D93ED /* EncryptDemoTests.m in Sources */ = {isa = PBXBuildFile; fileRef = 837A95421F306614006D93ED /* EncryptDemoTests.m */; };
		837A954E1F306614006D93ED /* EncryptDemoUITests.m in Sources */ = {isa = PBXBuildFile; fileRef = 837A954D1F306614006D93ED /* EncryptDemoUITests.m */; };
		837A96401F3068E0006D93ED /* content.txt in Resources */ = {isa = PBXBuildFile; fileRef = 837A963D1F3068E0006D93ED /* content.txt */; };
		837A96411F3068E0006D93ED /* priv_key.txt in Resources */ = {isa = PBXBuildFile; fileRef = 837A963E1F3068E0006D93ED /* priv_key.txt */; };
		837A96421F3068E0006D93ED /* pub_key.txt in Resources */ = {isa = PBXBuildFile; fileRef = 837A963F1F3068E0006D93ED /* pub_key.txt */; };
/* End PBXBuildFile section */

/* Begin PBXContainerItemProxy section */
		837A953F1F306614006D93ED /* PBXContainerItemProxy */ = {
			isa = PBXContainerItemProxy;
			containerPortal = 837A951D1F306613006D93ED /* Project object */;
			proxyType = 1;
			remoteGlobalIDString = 837A95241F306613006D93ED;
			remoteInfo = EncryptDemo;
		};
		837A954A1F306614006D93ED /* PBXContainerItemProxy */ = {
			isa = PBXContainerItemProxy;
			containerPortal = 837A951D1F306613006D93ED /* Project object */;
			proxyType = 1;
			remoteGlobalIDString = 837A95241F306613006D93ED;
			remoteInfo = EncryptDemo;
		};
/* End PBXContainerItemProxy section */

/* Begin PBXFileReference section */
		8372543C1F3177AC0046A5CB /* NSData+AES256.h */ = {isa = PBXFileReference; fileEncoding = 4; lastKnownFileType = sourcecode.c.h; path = "NSData+AES256.h"; sourceTree = "<group>"; };
		8372543D1F3177AC0046A5CB /* NSData+AES256.m */ = {isa = PBXFileReference; fileEncoding = 4; lastKnownFileType = sourcecode.c.objc; path = "NSData+AES256.m"; sourceTree = "<group>"; };
		8372543E1F3177AC0046A5CB /* NSString+AES256.h */ = {isa = PBXFileReference; fileEncoding = 4; lastKnownFileType = sourcecode.c.h; path = "NSString+AES256.h"; sourceTree = "<group>"; };
		8372543F1F3177AC0046A5CB /* NSString+AES256.m */ = {isa = PBXFileReference; fileEncoding = 4; lastKnownFileType = sourcecode.c.objc; path = "NSString+AES256.m"; sourceTree = "<group>"; };
		837254401F3177AC0046A5CB /* libcrypto.a */ = {isa = PBXFileReference; lastKnownFileType = archive.ar; path = libcrypto.a; sourceTree = "<group>"; };
		837254411F3177AC0046A5CB /* libssl.a */ = {isa = PBXFileReference; lastKnownFileType = archive.ar; path = libssl.a; sourceTree = "<group>"; };
		837254431F3177AC0046A5CB /* aes.h */ = {isa = PBXFileReference; fileEncoding = 4; lastKnownFileType = sourcecode.c.h; path = aes.h; sourceTree = "<group>"; };
		837254441F3177AC0046A5CB /* asn1.h */ = {isa = PBXFileReference; fileEncoding = 4; lastKnownFileType = sourcecode.c.h; path = asn1.h; sourceTree = "<group>"; };
		837254451F3177AC0046A5CB /* asn1_mac.h */ = {isa = PBXFileReference; fileEncoding = 4; lastKnownFileType = sourcecode.c.h; path = asn1_mac.h; sourceTree = "<group>"; };
		837254461F3177AC0046A5CB /* asn1t.h */ = {isa = PBXFileReference; fileEncoding = 4; lastKnownFileType = sourcecode.c.h; path = asn1t.h; sourceTree = "<group>"; };
		837254471F3177AC0046A5CB /* bio.h */ = {isa = PBXFileReference; fileEncoding = 4; lastKnownFileType = sourcecode.c.h; path = bio.h; sourceTree = "<group>"; };
		837254481F3177AC0046A5CB /* blowfish.h */ = {isa = PBXFileReference; fileEncoding = 4; lastKnownFileType = sourcecode.c.h; path = blowfish.h; sourceTree = "<group>"; };
		837254491F3177AC0046A5CB /* bn.h */ = {isa = PBXFileReference; fileEncoding = 4; lastKnownFileType = sourcecode.c.h; path = bn.h; sourceTree = "<group>"; };
		8372544A1F3177AC0046A5CB /* buffer.h */ = {isa = PBXFileReference; fileEncoding = 4; lastKnownFileType = sourcecode.c.h; path = buffer.h; sourceTree = "<group>"; };
		8372544B1F3177AC0046A5CB /* camellia.h */ = {isa = PBXFileReference; fileEncoding = 4; lastKnownFileType = sourcecode.c.h; path = camellia.h; sourceTree = "<group>"; };
		8372544C1F3177AC0046A5CB /* cast.h */ = {isa = PBXFileReference; fileEncoding = 4; lastKnownFileType = sourcecode.c.h; path = cast.h; sourceTree = "<group>"; };
		8372544D1F3177AC0046A5CB /* cmac.h */ = {isa = PBXFileReference; fileEncoding = 4; lastKnownFileType = sourcecode.c.h; path = cmac.h; sourceTree = "<group>"; };
		8372544E1F3177AC0046A5CB /* cms.h */ = {isa = PBXFileReference; fileEncoding = 4; lastKnownFileType = sourcecode.c.h; path = cms.h; sourceTree = "<group>"; };
		8372544F1F3177AC0046A5CB /* comp.h */ = {isa = PBXFileReference; fileEncoding = 4; lastKnownFileType = sourcecode.c.h; path = comp.h; sourceTree = "<group>"; };
		837254501F3177AC0046A5CB /* conf.h */ = {isa = PBXFileReference; fileEncoding = 4; lastKnownFileType = sourcecode.c.h; path = conf.h; sourceTree = "<group>"; };
		837254511F3177AC0046A5CB /* conf_api.h */ = {isa = PBXFileReference; fileEncoding = 4; lastKnownFileType = sourcecode.c.h; path = conf_api.h; sourceTree = "<group>"; };
		837254521F3177AC0046A5CB /* crypto.h */ = {isa = PBXFileReference; fileEncoding = 4; lastKnownFileType = sourcecode.c.h; path = crypto.h; sourceTree = "<group>"; };
		837254531F3177AC0046A5CB /* des.h */ = {isa = PBXFileReference; fileEncoding = 4; lastKnownFileType = sourcecode.c.h; path = des.h; sourceTree = "<group>"; };
		837254541F3177AC0046A5CB /* des_old.h */ = {isa = PBXFileReference; fileEncoding = 4; lastKnownFileType = sourcecode.c.h; path = des_old.h; sourceTree = "<group>"; };
		837254551F3177AC0046A5CB /* dh.h */ = {isa = PBXFileReference; fileEncoding = 4; lastKnownFileType = sourcecode.c.h; path = dh.h; sourceTree = "<group>"; };
		837254561F3177AC0046A5CB /* dsa.h */ = {isa = PBXFileReference; fileEncoding = 4; lastKnownFileType = sourcecode.c.h; path = dsa.h; sourceTree = "<group>"; };
		837254571F3177AC0046A5CB /* dso.h */ = {isa = PBXFileReference; fileEncoding = 4; lastKnownFileType = sourcecode.c.h; path = dso.h; sourceTree = "<group>"; };
		837254581F3177AC0046A5CB /* dtls1.h */ = {isa = PBXFileReference; fileEncoding = 4; lastKnownFileType = sourcecode.c.h; path = dtls1.h; sourceTree = "<group>"; };
		837254591F3177AC0046A5CB /* e_os2.h */ = {isa = PBXFileReference; fileEncoding = 4; lastKnownFileType = sourcecode.c.h; path = e_os2.h; sourceTree = "<group>"; };
		8372545A1F3177AC0046A5CB /* ebcdic.h */ = {isa = PBXFileReference; fileEncoding = 4; lastKnownFileType = sourcecode.c.h; path = ebcdic.h; sourceTree = "<group>"; };
		8372545B1F3177AC0046A5CB /* ec.h */ = {isa = PBXFileReference; fileEncoding = 4; lastKnownFileType = sourcecode.c.h; path = ec.h; sourceTree = "<group>"; };
		8372545C1F3177AC0046A5CB /* ecdh.h */ = {isa = PBXFileReference; fileEncoding = 4; lastKnownFileType = sourcecode.c.h; path = ecdh.h; sourceTree = "<group>"; };
		8372545D1F3177AC0046A5CB /* ecdsa.h */ = {isa = PBXFileReference; fileEncoding = 4; lastKnownFileType = sourcecode.c.h; path = ecdsa.h; sourceTree = "<group>"; };
		8372545E1F3177AC0046A5CB /* engine.h */ = {isa = PBXFileReference; fileEncoding = 4; lastKnownFileType = sourcecode.c.h; path = engine.h; sourceTree = "<group>"; };
		8372545F1F3177AC0046A5CB /* err.h */ = {isa = PBXFileReference; fileEncoding = 4; lastKnownFileType = sourcecode.c.h; path = err.h; sourceTree = "<group>"; };
		837254601F3177AC0046A5CB /* evp.h */ = {isa = PBXFileReference; fileEncoding = 4; lastKnownFileType = sourcecode.c.h; path = evp.h; sourceTree = "<group>"; };
		837254611F3177AC0046A5CB /* hmac.h */ = {isa = PBXFileReference; fileEncoding = 4; lastKnownFileType = sourcecode.c.h; path = hmac.h; sourceTree = "<group>"; };
		837254621F3177AC0046A5CB /* idea.h */ = {isa = PBXFileReference; fileEncoding = 4; lastKnownFileType = sourcecode.c.h; path = idea.h; sourceTree = "<group>"; };
		837254631F3177AC0046A5CB /* krb5_asn.h */ = {isa = PBXFileReference; fileEncoding = 4; lastKnownFileType = sourcecode.c.h; path = krb5_asn.h; sourceTree = "<group>"; };
		837254641F3177AC0046A5CB /* kssl.h */ = {isa = PBXFileReference; fileEncoding = 4; lastKnownFileType = sourcecode.c.h; path = kssl.h; sourceTree = "<group>"; };
		837254651F3177AC0046A5CB /* lhash.h */ = {isa = PBXFileReference; fileEncoding = 4; lastKnownFileType = sourcecode.c.h; path = lhash.h; sourceTree = "<group>"; };
		837254661F3177AC0046A5CB /* md4.h */ = {isa = PBXFileReference; fileEncoding = 4; lastKnownFileType = sourcecode.c.h; path = md4.h; sourceTree = "<group>"; };
		837254671F3177AC0046A5CB /* md5.h */ = {isa = PBXFileReference; fileEncoding = 4; lastKnownFileType = sourcecode.c.h; path = md5.h; sourceTree = "<group>"; };
		837254681F3177AC0046A5CB /* mdc2.h */ = {isa = PBXFileReference; fileEncoding = 4; lastKnownFileType = sourcecode.c.h; path = mdc2.h; sourceTree = "<group>"; };
		837254691F3177AC0046A5CB /* modes.h */ = {isa = PBXFileReference; fileEncoding = 4; lastKnownFileType = sourcecode.c.h; path = modes.h; sourceTree = "<group>"; };
		8372546A1F3177AC0046A5CB /* obj_mac.h */ = {isa = PBXFileReference; fileEncoding = 4; lastKnownFileType = sourcecode.c.h; path = obj_mac.h; sourceTree = "<group>"; };
		8372546B1F3177AC0046A5CB /* objects.h */ = {isa = PBXFileReference; fileEncoding = 4; lastKnownFileType = sourcecode.c.h; path = objects.h; sourceTree = "<group>"; };
		8372546C1F3177AC0046A5CB /* ocsp.h */ = {isa = PBXFileReference; fileEncoding = 4; lastKnownFileType = sourcecode.c.h; path = ocsp.h; sourceTree = "<group>"; };
		8372546D1F3177AC0046A5CB /* opensslconf.h */ = {isa = PBXFileReference; fileEncoding = 4; lastKnownFileType = sourcecode.c.h; path = opensslconf.h; sourceTree = "<group>"; };
		8372546E1F3177AC0046A5CB /* opensslv.h */ = {isa = PBXFileReference; fileEncoding = 4; lastKnownFileType = sourcecode.c.h; path = opensslv.h; sourceTree = "<group>"; };
		8372546F1F3177AC0046A5CB /* ossl_typ.h */ = {isa = PBXFileReference; fileEncoding = 4; lastKnownFileType = sourcecode.c.h; path = ossl_typ.h; sourceTree = "<group>"; };
		837254701F3177AC0046A5CB /* pem.h */ = {isa = PBXFileReference; fileEncoding = 4; lastKnownFileType = sourcecode.c.h; path = pem.h; sourceTree = "<group>"; };
		837254711F3177AC0046A5CB /* pem2.h */ = {isa = PBXFileReference; fileEncoding = 4; lastKnownFileType = sourcecode.c.h; path = pem2.h; sourceTree = "<group>"; };
		837254721F3177AC0046A5CB /* pkcs12.h */ = {isa = PBXFileReference; fileEncoding = 4; lastKnownFileType = sourcecode.c.h; path = pkcs12.h; sourceTree = "<group>"; };
		837254731F3177AC0046A5CB /* pkcs7.h */ = {isa = PBXFileReference; fileEncoding = 4; lastKnownFileType = sourcecode.c.h; path = pkcs7.h; sourceTree = "<group>"; };
		837254741F3177AC0046A5CB /* pqueue.h */ = {isa = PBXFileReference; fileEncoding = 4; lastKnownFileType = sourcecode.c.h; path = pqueue.h; sourceTree = "<group>"; };
		837254751F3177AC0046A5CB /* rand.h */ = {isa = PBXFileReference; fileEncoding = 4; lastKnownFileType = sourcecode.c.h; path = rand.h; sourceTree = "<group>"; };
		837254761F3177AC0046A5CB /* rc2.h */ = {isa = PBXFileReference; fileEncoding = 4; lastKnownFileType = sourcecode.c.h; path = rc2.h; sourceTree = "<group>"; };
		837254771F3177AC0046A5CB /* rc4.h */ = {isa = PBXFileReference; fileEncoding = 4; lastKnownFileType = sourcecode.c.h; path = rc4.h; sourceTree = "<group>"; };
		837254781F3177AC0046A5CB /* ripemd.h */ = {isa = PBXFileReference; fileEncoding = 4; lastKnownFileType = sourcecode.c.h; path = ripemd.h; sourceTree = "<group>"; };
		837254791F3177AC0046A5CB /* rsa.h */ = {isa = PBXFileReference; fileEncoding = 4; lastKnownFileType = sourcecode.c.h; path = rsa.h; sourceTree = "<group>"; };
		8372547A1F3177AC0046A5CB /* safestack.h */ = {isa = PBXFileReference; fileEncoding = 4; lastKnownFileType = sourcecode.c.h; path = safestack.h; sourceTree = "<group>"; };
		8372547B1F3177AC0046A5CB /* seed.h */ = {isa = PBXFileReference; fileEncoding = 4; lastKnownFileType = sourcecode.c.h; path = seed.h; sourceTree = "<group>"; };
		8372547C1F3177AC0046A5CB /* sha.h */ = {isa = PBXFileReference; fileEncoding = 4; lastKnownFileType = sourcecode.c.h; path = sha.h; sourceTree = "<group>"; };
		8372547D1F3177AC0046A5CB /* srp.h */ = {isa = PBXFileReference; fileEncoding = 4; lastKnownFileType = sourcecode.c.h; path = srp.h; sourceTree = "<group>"; };
		8372547E1F3177AC0046A5CB /* srtp.h */ = {isa = PBXFileReference; fileEncoding = 4; lastKnownFileType = sourcecode.c.h; path = srtp.h; sourceTree = "<group>"; };
		8372547F1F3177AC0046A5CB /* ssl.h */ = {isa = PBXFileReference; fileEncoding = 4; lastKnownFileType = sourcecode.c.h; path = ssl.h; sourceTree = "<group>"; };
		837254801F3177AC0046A5CB /* ssl2.h */ = {isa = PBXFileReference; fileEncoding = 4; lastKnownFileType = sourcecode.c.h; path = ssl2.h; sourceTree = "<group>"; };
		837254811F3177AC0046A5CB /* ssl23.h */ = {isa = PBXFileReference; fileEncoding = 4; lastKnownFileType = sourcecode.c.h; path = ssl23.h; sourceTree = "<group>"; };
		837254821F3177AC0046A5CB /* ssl3.h */ = {isa = PBXFileReference; fileEncoding = 4; lastKnownFileType = sourcecode.c.h; path = ssl3.h; sourceTree = "<group>"; };
		837254831F3177AC0046A5CB /* stack.h */ = {isa = PBXFileReference; fileEncoding = 4; lastKnownFileType = sourcecode.c.h; path = stack.h; sourceTree = "<group>"; };
		837254841F3177AC0046A5CB /* symhacks.h */ = {isa = PBXFileReference; fileEncoding = 4; lastKnownFileType = sourcecode.c.h; path = symhacks.h; sourceTree = "<group>"; };
		837254851F3177AC0046A5CB /* tls1.h */ = {isa = PBXFileReference; fileEncoding = 4; lastKnownFileType = sourcecode.c.h; path = tls1.h; sourceTree = "<group>"; };
		837254861F3177AC0046A5CB /* ts.h */ = {isa = PBXFileReference; fileEncoding = 4; lastKnownFileType = sourcecode.c.h; path = ts.h; sourceTree = "<group>"; };
		837254871F3177AC0046A5CB /* txt_db.h */ = {isa = PBXFileReference; fileEncoding = 4; lastKnownFileType = sourcecode.c.h; path = txt_db.h; sourceTree = "<group>"; };
		837254881F3177AC0046A5CB /* ui.h */ = {isa = PBXFileReference; fileEncoding = 4; lastKnownFileType = sourcecode.c.h; path = ui.h; sourceTree = "<group>"; };
		837254891F3177AC0046A5CB /* ui_compat.h */ = {isa = PBXFileReference; fileEncoding = 4; lastKnownFileType = sourcecode.c.h; path = ui_compat.h; sourceTree = "<group>"; };
		8372548A1F3177AC0046A5CB /* whrlpool.h */ = {isa = PBXFileReference; fileEncoding = 4; lastKnownFileType = sourcecode.c.h; path = whrlpool.h; sourceTree = "<group>"; };
		8372548B1F3177AC0046A5CB /* x509.h */ = {isa = PBXFileReference; fileEncoding = 4; lastKnownFileType = sourcecode.c.h; path = x509.h; sourceTree = "<group>"; };
		8372548C1F3177AC0046A5CB /* x509_vfy.h */ = {isa = PBXFileReference; fileEncoding = 4; lastKnownFileType = sourcecode.c.h; path = x509_vfy.h; sourceTree = "<group>"; };
		8372548D1F3177AC0046A5CB /* x509v3.h */ = {isa = PBXFileReference; fileEncoding = 4; lastKnownFileType = sourcecode.c.h; path = x509v3.h; sourceTree = "<group>"; };
		8372548F1F3177AC0046A5CB /* openssl_wrapper.h */ = {isa = PBXFileReference; fileEncoding = 4; lastKnownFileType = sourcecode.c.h; path = openssl_wrapper.h; sourceTree = "<group>"; };
		837254901F3177AC0046A5CB /* openssl_wrapper.m */ = {isa = PBXFileReference; fileEncoding = 4; lastKnownFileType = sourcecode.c.objc; path = openssl_wrapper.m; sourceTree = "<group>"; };
		837254911F3177AC0046A5CB /* RSADataSigner.h */ = {isa = PBXFileReference; fileEncoding = 4; lastKnownFileType = sourcecode.c.h; path = RSADataSigner.h; sourceTree = "<group>"; };
		837254921F3177AC0046A5CB /* RSADataSigner.m */ = {isa = PBXFileReference; fileEncoding = 4; lastKnownFileType = sourcecode.c.objc; path = RSADataSigner.m; sourceTree = "<group>"; };
		837254931F3177AC0046A5CB /* RSADataVerifier.h */ = {isa = PBXFileReference; fileEncoding = 4; lastKnownFileType = sourcecode.c.h; path = RSADataVerifier.h; sourceTree = "<group>"; };
		837254941F3177AC0046A5CB /* RSADataVerifier.m */ = {isa = PBXFileReference; fileEncoding = 4; lastKnownFileType = sourcecode.c.objc; path = RSADataVerifier.m; sourceTree = "<group>"; };
		837254961F3177AC0046A5CB /* YBEncryptUtil.h */ = {isa = PBXFileReference; fileEncoding = 4; lastKnownFileType = sourcecode.c.h; path = YBEncryptUtil.h; sourceTree = "<group>"; };
		837254971F3177AC0046A5CB /* YBEncryptUtil.m */ = {isa = PBXFileReference; fileEncoding = 4; lastKnownFileType = sourcecode.c.objc; path = YBEncryptUtil.m; sourceTree = "<group>"; };
		837A95251F306613006D93ED /* EncryptDemo.app */ = {isa = PBXFileReference; explicitFileType = wrapper.application; includeInIndex = 0; path = EncryptDemo.app; sourceTree = BUILT_PRODUCTS_DIR; };
		837A95291F306613006D93ED /* main.m */ = {isa = PBXFileReference; lastKnownFileType = sourcecode.c.objc; lineEnding = 0; path = main.m; sourceTree = "<group>"; xcLanguageSpecificationIdentifier = xcode.lang.objc; };
		837A952B1F306614006D93ED /* AppDelegate.h */ = {isa = PBXFileReference; lastKnownFileType = sourcecode.c.h; lineEnding = 0; path = AppDelegate.h; sourceTree = "<group>"; xcLanguageSpecificationIdentifier = xcode.lang.objcpp; };
		837A952C1F306614006D93ED /* AppDelegate.m */ = {isa = PBXFileReference; lastKnownFileType = sourcecode.c.objc; lineEnding = 0; path = AppDelegate.m; sourceTree = "<group>"; xcLanguageSpecificationIdentifier = xcode.lang.objc; };
		837A952E1F306614006D93ED /* ViewController.h */ = {isa = PBXFileReference; lastKnownFileType = sourcecode.c.h; lineEnding = 0; path = ViewController.h; sourceTree = "<group>"; xcLanguageSpecificationIdentifier = xcode.lang.objcpp; };
		837A952F1F306614006D93ED /* ViewController.m */ = {isa = PBXFileReference; lastKnownFileType = sourcecode.c.objc; lineEnding = 0; path = ViewController.m; sourceTree = "<group>"; xcLanguageSpecificationIdentifier = xcode.lang.objc; };
		837A95321F306614006D93ED /* Base */ = {isa = PBXFileReference; lastKnownFileType = file.storyboard; name = Base; path = Base.lproj/Main.storyboard; sourceTree = "<group>"; };
		837A95341F306614006D93ED /* Assets.xcassets */ = {isa = PBXFileReference; lastKnownFileType = folder.assetcatalog; path = Assets.xcassets; sourceTree = "<group>"; };
		837A95371F306614006D93ED /* Base */ = {isa = PBXFileReference; lastKnownFileType = file.storyboard; name = Base; path = Base.lproj/LaunchScreen.storyboard; sourceTree = "<group>"; };
		837A95391F306614006D93ED /* Info.plist */ = {isa = PBXFileReference; lastKnownFileType = text.plist.xml; path = Info.plist; sourceTree = "<group>"; };
		837A953E1F306614006D93ED /* EncryptDemoTests.xctest */ = {isa = PBXFileReference; explicitFileType = wrapper.cfbundle; includeInIndex = 0; path = EncryptDemoTests.xctest; sourceTree = BUILT_PRODUCTS_DIR; };
		837A95421F306614006D93ED /* EncryptDemoTests.m */ = {isa = PBXFileReference; lastKnownFileType = sourcecode.c.objc; lineEnding = 0; path = EncryptDemoTests.m; sourceTree = "<group>"; xcLanguageSpecificationIdentifier = xcode.lang.objc; };
		837A95441F306614006D93ED /* Info.plist */ = {isa = PBXFileReference; lastKnownFileType = text.plist.xml; path = Info.plist; sourceTree = "<group>"; };
		837A95491F306614006D93ED /* EncryptDemoUITests.xctest */ = {isa = PBXFileReference; explicitFileType = wrapper.cfbundle; includeInIndex = 0; path = EncryptDemoUITests.xctest; sourceTree = BUILT_PRODUCTS_DIR; };
		837A954D1F306614006D93ED /* EncryptDemoUITests.m */ = {isa = PBXFileReference; lastKnownFileType = sourcecode.c.objc; lineEnding = 0; path = EncryptDemoUITests.m; sourceTree = "<group>"; xcLanguageSpecificationIdentifier = xcode.lang.objc; };
		837A954F1F306614006D93ED /* Info.plist */ = {isa = PBXFileReference; lastKnownFileType = text.plist.xml; path = Info.plist; sourceTree = "<group>"; };
		837A963D1F3068E0006D93ED /* content.txt */ = {isa = PBXFileReference; fileEncoding = 4; lastKnownFileType = text; path = content.txt; sourceTree = "<group>"; };
		837A963E1F3068E0006D93ED /* priv_key.txt */ = {isa = PBXFileReference; fileEncoding = 4; lastKnownFileType = text; path = priv_key.txt; sourceTree = "<group>"; };
		837A963F1F3068E0006D93ED /* pub_key.txt */ = {isa = PBXFileReference; fileEncoding = 4; lastKnownFileType = text; path = pub_key.txt; sourceTree = "<group>"; };
/* End PBXFileReference section */

/* Begin PBXFrameworksBuildPhase section */
		837A95221F306613006D93ED /* Frameworks */ = {
			isa = PBXFrameworksBuildPhase;
			buildActionMask = 2147483647;
			files = (
				8372549B1F3177AC0046A5CB /* libssl.a in Frameworks */,
				8372549A1F3177AC0046A5CB /* libcrypto.a in Frameworks */,
			);
			runOnlyForDeploymentPostprocessing = 0;
		};
		837A953B1F306614006D93ED /* Frameworks */ = {
			isa = PBXFrameworksBuildPhase;
			buildActionMask = 2147483647;
			files = (
			);
			runOnlyForDeploymentPostprocessing = 0;
		};
		837A95461F306614006D93ED /* Frameworks */ = {
			isa = PBXFrameworksBuildPhase;
			buildActionMask = 2147483647;
			files = (
			);
			runOnlyForDeploymentPostprocessing = 0;
		};
/* End PBXFrameworksBuildPhase section */

/* Begin PBXGroup section */
		8372543A1F3177AC0046A5CB /* Encrypt */ = {
			isa = PBXGroup;
			children = (
				8372543B1F3177AC0046A5CB /* AES */,
				837254401F3177AC0046A5CB /* libcrypto.a */,
				837254411F3177AC0046A5CB /* libssl.a */,
				837254421F3177AC0046A5CB /* openssl */,
				8372548E1F3177AC0046A5CB /* RSA */,
				837254951F3177AC0046A5CB /* Util */,
			);
			path = Encrypt;
			sourceTree = "<group>";
		};
		8372543B1F3177AC0046A5CB /* AES */ = {
			isa = PBXGroup;
			children = (
				8372543C1F3177AC0046A5CB /* NSData+AES256.h */,
				8372543D1F3177AC0046A5CB /* NSData+AES256.m */,
				8372543E1F3177AC0046A5CB /* NSString+AES256.h */,
				8372543F1F3177AC0046A5CB /* NSString+AES256.m */,
			);
			path = AES;
			sourceTree = "<group>";
		};
		837254421F3177AC0046A5CB /* openssl */ = {
			isa = PBXGroup;
			children = (
				837254431F3177AC0046A5CB /* aes.h */,
				837254441F3177AC0046A5CB /* asn1.h */,
				837254451F3177AC0046A5CB /* asn1_mac.h */,
				837254461F3177AC0046A5CB /* asn1t.h */,
				837254471F3177AC0046A5CB /* bio.h */,
				837254481F3177AC0046A5CB /* blowfish.h */,
				837254491F3177AC0046A5CB /* bn.h */,
				8372544A1F3177AC0046A5CB /* buffer.h */,
				8372544B1F3177AC0046A5CB /* camellia.h */,
				8372544C1F3177AC0046A5CB /* cast.h */,
				8372544D1F3177AC0046A5CB /* cmac.h */,
				8372544E1F3177AC0046A5CB /* cms.h */,
				8372544F1F3177AC0046A5CB /* comp.h */,
				837254501F3177AC0046A5CB /* conf.h */,
				837254511F3177AC0046A5CB /* conf_api.h */,
				837254521F3177AC0046A5CB /* crypto.h */,
				837254531F3177AC0046A5CB /* des.h */,
				837254541F3177AC0046A5CB /* des_old.h */,
				837254551F3177AC0046A5CB /* dh.h */,
				837254561F3177AC0046A5CB /* dsa.h */,
				837254571F3177AC0046A5CB /* dso.h */,
				837254581F3177AC0046A5CB /* dtls1.h */,
				837254591F3177AC0046A5CB /* e_os2.h */,
				8372545A1F3177AC0046A5CB /* ebcdic.h */,
				8372545B1F3177AC0046A5CB /* ec.h */,
				8372545C1F3177AC0046A5CB /* ecdh.h */,
				8372545D1F3177AC0046A5CB /* ecdsa.h */,
				8372545E1F3177AC0046A5CB /* engine.h */,
				8372545F1F3177AC0046A5CB /* err.h */,
				837254601F3177AC0046A5CB /* evp.h */,
				837254611F3177AC0046A5CB /* hmac.h */,
				837254621F3177AC0046A5CB /* idea.h */,
				837254631F3177AC0046A5CB /* krb5_asn.h */,
				837254641F3177AC0046A5CB /* kssl.h */,
				837254651F3177AC0046A5CB /* lhash.h */,
				837254661F3177AC0046A5CB /* md4.h */,
				837254671F3177AC0046A5CB /* md5.h */,
				837254681F3177AC0046A5CB /* mdc2.h */,
				837254691F3177AC0046A5CB /* modes.h */,
				8372546A1F3177AC0046A5CB /* obj_mac.h */,
				8372546B1F3177AC0046A5CB /* objects.h */,
				8372546C1F3177AC0046A5CB /* ocsp.h */,
				8372546D1F3177AC0046A5CB /* opensslconf.h */,
				8372546E1F3177AC0046A5CB /* opensslv.h */,
				8372546F1F3177AC0046A5CB /* ossl_typ.h */,
				837254701F3177AC0046A5CB /* pem.h */,
				837254711F3177AC0046A5CB /* pem2.h */,
				837254721F3177AC0046A5CB /* pkcs12.h */,
				837254731F3177AC0046A5CB /* pkcs7.h */,
				837254741F3177AC0046A5CB /* pqueue.h */,
				837254751F3177AC0046A5CB /* rand.h */,
				837254761F3177AC0046A5CB /* rc2.h */,
				837254771F3177AC0046A5CB /* rc4.h */,
				837254781F3177AC0046A5CB /* ripemd.h */,
				837254791F3177AC0046A5CB /* rsa.h */,
				8372547A1F3177AC0046A5CB /* safestack.h */,
				8372547B1F3177AC0046A5CB /* seed.h */,
				8372547C1F3177AC0046A5CB /* sha.h */,
				8372547D1F3177AC0046A5CB /* srp.h */,
				8372547E1F3177AC0046A5CB /* srtp.h */,
				8372547F1F3177AC0046A5CB /* ssl.h */,
				837254801F3177AC0046A5CB /* ssl2.h */,
				837254811F3177AC0046A5CB /* ssl23.h */,
				837254821F3177AC0046A5CB /* ssl3.h */,
				837254831F3177AC0046A5CB /* stack.h */,
				837254841F3177AC0046A5CB /* symhacks.h */,
				837254851F3177AC0046A5CB /* tls1.h */,
				837254861F3177AC0046A5CB /* ts.h */,
				837254871F3177AC0046A5CB /* txt_db.h */,
				837254881F3177AC0046A5CB /* ui.h */,
				837254891F3177AC0046A5CB /* ui_compat.h */,
				8372548A1F3177AC0046A5CB /* whrlpool.h */,
				8372548B1F3177AC0046A5CB /* x509.h */,
				8372548C1F3177AC0046A5CB /* x509_vfy.h */,
				8372548D1F3177AC0046A5CB /* x509v3.h */,
			);
			path = openssl;
			sourceTree = "<group>";
		};
		8372548E1F3177AC0046A5CB /* RSA */ = {
			isa = PBXGroup;
			children = (
				8372548F1F3177AC0046A5CB /* openssl_wrapper.h */,
				837254901F3177AC0046A5CB /* openssl_wrapper.m */,
				837254911F3177AC0046A5CB /* RSADataSigner.h */,
				837254921F3177AC0046A5CB /* RSADataSigner.m */,
				837254931F3177AC0046A5CB /* RSADataVerifier.h */,
				837254941F3177AC0046A5CB /* RSADataVerifier.m */,
			);
			path = RSA;
			sourceTree = "<group>";
		};
		837254951F3177AC0046A5CB /* Util */ = {
			isa = PBXGroup;
			children = (
				837254961F3177AC0046A5CB /* YBEncryptUtil.h */,
				837254971F3177AC0046A5CB /* YBEncryptUtil.m */,
			);
			path = Util;
			sourceTree = "<group>";
		};
		837A951C1F306613006D93ED = {
			isa = PBXGroup;
			children = (
				837A95271F306613006D93ED /* EncryptDemo */,
				837A95411F306614006D93ED /* EncryptDemoTests */,
				837A954C1F306614006D93ED /* EncryptDemoUITests */,
				837A95261F306613006D93ED /* Products */,
			);
			sourceTree = "<group>";
		};
		837A95261F306613006D93ED /* Products */ = {
			isa = PBXGroup;
			children = (
				837A95251F306613006D93ED /* EncryptDemo.app */,
				837A953E1F306614006D93ED /* EncryptDemoTests.xctest */,
				837A95491F306614006D93ED /* EncryptDemoUITests.xctest */,
			);
			name = Products;
			sourceTree = "<group>";
		};
		837A95271F306613006D93ED /* EncryptDemo */ = {
			isa = PBXGroup;
			children = (
				8372543A1F3177AC0046A5CB /* Encrypt */,
				837A952B1F306614006D93ED /* AppDelegate.h */,
				837A952C1F306614006D93ED /* AppDelegate.m */,
				837A952E1F306614006D93ED /* ViewController.h */,
				837A952F1F306614006D93ED /* ViewController.m */,
				837A963D1F3068E0006D93ED /* content.txt */,
				837A963E1F3068E0006D93ED /* priv_key.txt */,
				837A963F1F3068E0006D93ED /* pub_key.txt */,
				837A95311F306614006D93ED /* Main.storyboard */,
				837A95341F306614006D93ED /* Assets.xcassets */,
				837A95361F306614006D93ED /* LaunchScreen.storyboard */,
				837A95391F306614006D93ED /* Info.plist */,
				837A95281F306613006D93ED /* Supporting Files */,
			);
			path = EncryptDemo;
			sourceTree = "<group>";
		};
		837A95281F306613006D93ED /* Supporting Files */ = {
			isa = PBXGroup;
			children = (
				837A95291F306613006D93ED /* main.m */,
			);
			name = "Supporting Files";
			sourceTree = "<group>";
		};
		837A95411F306614006D93ED /* EncryptDemoTests */ = {
			isa = PBXGroup;
			children = (
				837A95421F306614006D93ED /* EncryptDemoTests.m */,
				837A95441F306614006D93ED /* Info.plist */,
			);
			path = EncryptDemoTests;
			sourceTree = "<group>";
		};
		837A954C1F306614006D93ED /* EncryptDemoUITests */ = {
			isa = PBXGroup;
			children = (
				837A954D1F306614006D93ED /* EncryptDemoUITests.m */,
				837A954F1F306614006D93ED /* Info.plist */,
			);
			path = EncryptDemoUITests;
			sourceTree = "<group>";
		};
/* End PBXGroup section */

/* Begin PBXNativeTarget section */
		837A95241F306613006D93ED /* EncryptDemo */ = {
			isa = PBXNativeTarget;
			buildConfigurationList = 837A95521F306614006D93ED /* Build configuration list for PBXNativeTarget "EncryptDemo" */;
			buildPhases = (
				837A95211F306613006D93ED /* Sources */,
				837A95221F306613006D93ED /* Frameworks */,
				837A95231F306613006D93ED /* Resources */,
			);
			buildRules = (
			);
			dependencies = (
			);
			name = EncryptDemo;
			productName = EncryptDemo;
			productReference = 837A95251F306613006D93ED /* EncryptDemo.app */;
			productType = "com.apple.product-type.application";
		};
		837A953D1F306614006D93ED /* EncryptDemoTests */ = {
			isa = PBXNativeTarget;
			buildConfigurationList = 837A95551F306614006D93ED /* Build configuration list for PBXNativeTarget "EncryptDemoTests" */;
			buildPhases = (
				837A953A1F306614006D93ED /* Sources */,
				837A953B1F306614006D93ED /* Frameworks */,
				837A953C1F306614006D93ED /* Resources */,
			);
			buildRules = (
			);
			dependencies = (
				837A95401F306614006D93ED /* PBXTargetDependency */,
			);
			name = EncryptDemoTests;
			productName = EncryptDemoTests;
			productReference = 837A953E1F306614006D93ED /* EncryptDemoTests.xctest */;
			productType = "com.apple.product-type.bundle.unit-test";
		};
		837A95481F306614006D93ED /* EncryptDemoUITests */ = {
			isa = PBXNativeTarget;
			buildConfigurationList = 837A95581F306614006D93ED /* Build configuration list for PBXNativeTarget "EncryptDemoUITests" */;
			buildPhases = (
				837A95451F306614006D93ED /* Sources */,
				837A95461F306614006D93ED /* Frameworks */,
				837A95471F306614006D93ED /* Resources */,
			);
			buildRules = (
			);
			dependencies = (
				837A954B1F306614006D93ED /* PBXTargetDependency */,
			);
			name = EncryptDemoUITests;
			productName = EncryptDemoUITests;
			productReference = 837A95491F306614006D93ED /* EncryptDemoUITests.xctest */;
			productType = "com.apple.product-type.bundle.ui-testing";
		};
/* End PBXNativeTarget section */

/* Begin PBXProject section */
		837A951D1F306613006D93ED /* Project object */ = {
			isa = PBXProject;
			attributes = {
				LastUpgradeCheck = 0830;
				ORGANIZATIONNAME = X;
				TargetAttributes = {
					837A95241F306613006D93ED = {
						CreatedOnToolsVersion = 8.3.2;
						ProvisioningStyle = Automatic;
					};
					837A953D1F306614006D93ED = {
						CreatedOnToolsVersion = 8.3.2;
						ProvisioningStyle = Automatic;
						TestTargetID = 837A95241F306613006D93ED;
					};
					837A95481F306614006D93ED = {
						CreatedOnToolsVersion = 8.3.2;
						ProvisioningStyle = Automatic;
						TestTargetID = 837A95241F306613006D93ED;
					};
				};
			};
			buildConfigurationList = 837A95201F306613006D93ED /* Build configuration list for PBXProject "EncryptDemo" */;
			compatibilityVersion = "Xcode 3.2";
			developmentRegion = English;
			hasScannedForEncodings = 0;
			knownRegions = (
				en,
				Base,
			);
			mainGroup = 837A951C1F306613006D93ED;
			productRefGroup = 837A95261F306613006D93ED /* Products */;
			projectDirPath = "";
			projectRoot = "";
			targets = (
				837A95241F306613006D93ED /* EncryptDemo */,
				837A953D1F306614006D93ED /* EncryptDemoTests */,
				837A95481F306614006D93ED /* EncryptDemoUITests */,
			);
		};
/* End PBXProject section */

/* Begin PBXResourcesBuildPhase section */
		837A95231F306613006D93ED /* Resources */ = {
			isa = PBXResourcesBuildPhase;
			buildActionMask = 2147483647;
			files = (
				837A96421F3068E0006D93ED /* pub_key.txt in Resources */,
				837A96411F3068E0006D93ED /* priv_key.txt in Resources */,
				837A95381F306614006D93ED /* LaunchScreen.storyboard in Resources */,
				837A95351F306614006D93ED /* Assets.xcassets in Resources */,
				837A96401F3068E0006D93ED /* content.txt in Resources */,
				837A95331F306614006D93ED /* Main.storyboard in Resources */,
			);
			runOnlyForDeploymentPostprocessing = 0;
		};
		837A953C1F306614006D93ED /* Resources */ = {
			isa = PBXResourcesBuildPhase;
			buildActionMask = 2147483647;
			files = (
			);
			runOnlyForDeploymentPostprocessing = 0;
		};
		837A95471F306614006D93ED /* Resources */ = {
			isa = PBXResourcesBuildPhase;
			buildActionMask = 2147483647;
			files = (
			);
			runOnlyForDeploymentPostprocessing = 0;
		};
/* End PBXResourcesBuildPhase section */

/* Begin PBXSourcesBuildPhase section */
		837A95211F306613006D93ED /* Sources */ = {
			isa = PBXSourcesBuildPhase;
			buildActionMask = 2147483647;
			files = (
				8372549E1F3177AC0046A5CB /* RSADataVerifier.m in Sources */,
				837254991F3177AC0046A5CB /* NSString+AES256.m in Sources */,
				837A95301F306614006D93ED /* ViewController.m in Sources */,
				8372549C1F3177AC0046A5CB /* openssl_wrapper.m in Sources */,
				837A952D1F306614006D93ED /* AppDelegate.m in Sources */,
				8372549F1F3177AC0046A5CB /* YBEncryptUtil.m in Sources */,
				837254981F3177AC0046A5CB /* NSData+AES256.m in Sources */,
				8372549D1F3177AC0046A5CB /* RSADataSigner.m in Sources */,
				837A952A1F306613006D93ED /* main.m in Sources */,
			);
			runOnlyForDeploymentPostprocessing = 0;
		};
		837A953A1F306614006D93ED /* Sources */ = {
			isa = PBXSourcesBuildPhase;
			buildActionMask = 2147483647;
			files = (
				837A95431F306614006D93ED /* EncryptDemoTests.m in Sources */,
			);
			runOnlyForDeploymentPostprocessing = 0;
		};
		837A95451F306614006D93ED /* Sources */ = {
			isa = PBXSourcesBuildPhase;
			buildActionMask = 2147483647;
			files = (
				837A954E1F306614006D93ED /* EncryptDemoUITests.m in Sources */,
			);
			runOnlyForDeploymentPostprocessing = 0;
		};
/* End PBXSourcesBuildPhase section */

/* Begin PBXTargetDependency section */
		837A95401F306614006D93ED /* PBXTargetDependency */ = {
			isa = PBXTargetDependency;
			target = 837A95241F306613006D93ED /* EncryptDemo */;
			targetProxy = 837A953F1F306614006D93ED /* PBXContainerItemProxy */;
		};
		837A954B1F306614006D93ED /* PBXTargetDependency */ = {
			isa = PBXTargetDependency;
			target = 837A95241F306613006D93ED /* EncryptDemo */;
			targetProxy = 837A954A1F306614006D93ED /* PBXContainerItemProxy */;
		};
/* End PBXTargetDependency section */

/* Begin PBXVariantGroup section */
		837A95311F306614006D93ED /* Main.storyboard */ = {
			isa = PBXVariantGroup;
			children = (
				837A95321F306614006D93ED /* Base */,
			);
			name = Main.storyboard;
			sourceTree = "<group>";
		};
		837A95361F306614006D93ED /* LaunchScreen.storyboard */ = {
			isa = PBXVariantGroup;
			children = (
				837A95371F306614006D93ED /* Base */,
			);
			name = LaunchScreen.storyboard;
			sourceTree = "<group>";
		};
/* End PBXVariantGroup section */

/* Begin XCBuildConfiguration section */
		837A95501F306614006D93ED /* Debug */ = {
			isa = XCBuildConfiguration;
			buildSettings = {
				ALWAYS_SEARCH_USER_PATHS = NO;
				CLANG_ANALYZER_NONNULL = YES;
				CLANG_ANALYZER_NUMBER_OBJECT_CONVERSION = YES_AGGRESSIVE;
				CLANG_CXX_LANGUAGE_STANDARD = "gnu++0x";
				CLANG_CXX_LIBRARY = "libc++";
				CLANG_ENABLE_MODULES = YES;
				CLANG_ENABLE_OBJC_ARC = YES;
				CLANG_WARN_BOOL_CONVERSION = YES;
				CLANG_WARN_CONSTANT_CONVERSION = YES;
				CLANG_WARN_DIRECT_OBJC_ISA_USAGE = YES_ERROR;
				CLANG_WARN_DOCUMENTATION_COMMENTS = YES;
				CLANG_WARN_EMPTY_BODY = YES;
				CLANG_WARN_ENUM_CONVERSION = YES;
				CLANG_WARN_INFINITE_RECURSION = YES;
				CLANG_WARN_INT_CONVERSION = YES;
				CLANG_WARN_OBJC_ROOT_CLASS = YES_ERROR;
				CLANG_WARN_SUSPICIOUS_MOVE = YES;
				CLANG_WARN_UNREACHABLE_CODE = YES;
				CLANG_WARN__DUPLICATE_METHOD_MATCH = YES;
				"CODE_SIGN_IDENTITY[sdk=iphoneos*]" = "iPhone Developer";
				COPY_PHASE_STRIP = NO;
				DEBUG_INFORMATION_FORMAT = dwarf;
				ENABLE_STRICT_OBJC_MSGSEND = YES;
				ENABLE_TESTABILITY = YES;
				GCC_C_LANGUAGE_STANDARD = gnu99;
				GCC_DYNAMIC_NO_PIC = NO;
				GCC_NO_COMMON_BLOCKS = YES;
				GCC_OPTIMIZATION_LEVEL = 0;
				GCC_PREPROCESSOR_DEFINITIONS = (
					"DEBUG=1",
					"$(inherited)",
				);
				GCC_WARN_64_TO_32_BIT_CONVERSION = YES;
				GCC_WARN_ABOUT_RETURN_TYPE = YES_ERROR;
				GCC_WARN_UNDECLARED_SELECTOR = YES;
				GCC_WARN_UNINITIALIZED_AUTOS = YES_AGGRESSIVE;
				GCC_WARN_UNUSED_FUNCTION = YES;
				GCC_WARN_UNUSED_VARIABLE = YES;
				IPHONEOS_DEPLOYMENT_TARGET = 10.3;
				MTL_ENABLE_DEBUG_INFO = YES;
				ONLY_ACTIVE_ARCH = YES;
				SDKROOT = iphoneos;
			};
			name = Debug;
		};
		837A95511F306614006D93ED /* Release */ = {
			isa = XCBuildConfiguration;
			buildSettings = {
				ALWAYS_SEARCH_USER_PATHS = NO;
				CLANG_ANALYZER_NONNULL = YES;
				CLANG_ANALYZER_NUMBER_OBJECT_CONVERSION = YES_AGGRESSIVE;
				CLANG_CXX_LANGUAGE_STANDARD = "gnu++0x";
				CLANG_CXX_LIBRARY = "libc++";
				CLANG_ENABLE_MODULES = YES;
				CLANG_ENABLE_OBJC_ARC = YES;
				CLANG_WARN_BOOL_CONVERSION = YES;
				CLANG_WARN_CONSTANT_CONVERSION = YES;
				CLANG_WARN_DIRECT_OBJC_ISA_USAGE = YES_ERROR;
				CLANG_WARN_DOCUMENTATION_COMMENTS = YES;
				CLANG_WARN_EMPTY_BODY = YES;
				CLANG_WARN_ENUM_CONVERSION = YES;
				CLANG_WARN_INFINITE_RECURSION = YES;
				CLANG_WARN_INT_CONVERSION = YES;
				CLANG_WARN_OBJC_ROOT_CLASS = YES_ERROR;
				CLANG_WARN_SUSPICIOUS_MOVE = YES;
				CLANG_WARN_UNREACHABLE_CODE = YES;
				CLANG_WARN__DUPLICATE_METHOD_MATCH = YES;
				"CODE_SIGN_IDENTITY[sdk=iphoneos*]" = "iPhone Developer";
				COPY_PHASE_STRIP = NO;
				DEBUG_INFORMATION_FORMAT = "dwarf-with-dsym";
				ENABLE_NS_ASSERTIONS = NO;
				ENABLE_STRICT_OBJC_MSGSEND = YES;
				GCC_C_LANGUAGE_STANDARD = gnu99;
				GCC_NO_COMMON_BLOCKS = YES;
				GCC_WARN_64_TO_32_BIT_CONVERSION = YES;
				GCC_WARN_ABOUT_RETURN_TYPE = YES_ERROR;
				GCC_WARN_UNDECLARED_SELECTOR = YES;
				GCC_WARN_UNINITIALIZED_AUTOS = YES_AGGRESSIVE;
				GCC_WARN_UNUSED_FUNCTION = YES;
				GCC_WARN_UNUSED_VARIABLE = YES;
				IPHONEOS_DEPLOYMENT_TARGET = 10.3;
				MTL_ENABLE_DEBUG_INFO = NO;
				SDKROOT = iphoneos;
				VALIDATE_PRODUCT = YES;
			};
			name = Release;
		};
		837A95531F306614006D93ED /* Debug */ = {
			isa = XCBuildConfiguration;
			buildSettings = {
				ASSETCATALOG_COMPILER_APPICON_NAME = AppIcon;
				HEADER_SEARCH_PATHS = "$(SRCROOT)/EncryptDemo/Encrypt";
				INFOPLIST_FILE = EncryptDemo/Info.plist;
				LD_RUNPATH_SEARCH_PATHS = "$(inherited) @executable_path/Frameworks";
				LIBRARY_SEARCH_PATHS = (
					"$(inherited)",
					"$(PROJECT_DIR)/EncryptDemo/Encrypt",
				);
				PRODUCT_BUNDLE_IDENTIFIER = com.X.EncryptDemo;
				PRODUCT_NAME = "$(TARGET_NAME)";
			};
			name = Debug;
		};
		837A95541F306614006D93ED /* Release */ = {
			isa = XCBuildConfiguration;
			buildSettings = {
				ASSETCATALOG_COMPILER_APPICON_NAME = AppIcon;
				HEADER_SEARCH_PATHS = "$(SRCROOT)/EncryptDemo/Encrypt";
				INFOPLIST_FILE = EncryptDemo/Info.plist;
				LD_RUNPATH_SEARCH_PATHS = "$(inherited) @executable_path/Frameworks";
				LIBRARY_SEARCH_PATHS = (
					"$(inherited)",
					"$(PROJECT_DIR)/EncryptDemo/Encrypt",
				);
				PRODUCT_BUNDLE_IDENTIFIER = com.X.EncryptDemo;
				PRODUCT_NAME = "$(TARGET_NAME)";
			};
			name = Release;
		};
		837A95561F306614006D93ED /* Debug */ = {
			isa = XCBuildConfiguration;
			buildSettings = {
				BUNDLE_LOADER = "$(TEST_HOST)";
				INFOPLIST_FILE = EncryptDemoTests/Info.plist;
				LD_RUNPATH_SEARCH_PATHS = "$(inherited) @executable_path/Frameworks @loader_path/Frameworks";
				PRODUCT_BUNDLE_IDENTIFIER = com.X.EncryptDemoTests;
				PRODUCT_NAME = "$(TARGET_NAME)";
				TEST_HOST = "$(BUILT_PRODUCTS_DIR)/EncryptDemo.app/EncryptDemo";
			};
			name = Debug;
		};
		837A95571F306614006D93ED /* Release */ = {
			isa = XCBuildConfiguration;
			buildSettings = {
				BUNDLE_LOADER = "$(TEST_HOST)";
				INFOPLIST_FILE = EncryptDemoTests/Info.plist;
				LD_RUNPATH_SEARCH_PATHS = "$(inherited) @executable_path/Frameworks @loader_path/Frameworks";
				PRODUCT_BUNDLE_IDENTIFIER = com.X.EncryptDemoTests;
				PRODUCT_NAME = "$(TARGET_NAME)";
				TEST_HOST = "$(BUILT_PRODUCTS_DIR)/EncryptDemo.app/EncryptDemo";
			};
			name = Release;
		};
		837A95591F306614006D93ED /* Debug */ = {
			isa = XCBuildConfiguration;
			buildSettings = {
				INFOPLIST_FILE = EncryptDemoUITests/Info.plist;
				LD_RUNPATH_SEARCH_PATHS = "$(inherited) @executable_path/Frameworks @loader_path/Frameworks";
				PRODUCT_BUNDLE_IDENTIFIER = com.X.EncryptDemoUITests;
				PRODUCT_NAME = "$(TARGET_NAME)";
				TEST_TARGET_NAME = EncryptDemo;
			};
			name = Debug;
		};
		837A955A1F306614006D93ED /* Release */ = {
			isa = XCBuildConfiguration;
			buildSettings = {
				INFOPLIST_FILE = EncryptDemoUITests/Info.plist;
				LD_RUNPATH_SEARCH_PATHS = "$(inherited) @executable_path/Frameworks @loader_path/Frameworks";
				PRODUCT_BUNDLE_IDENTIFIER = com.X.EncryptDemoUITests;
				PRODUCT_NAME = "$(TARGET_NAME)";
				TEST_TARGET_NAME = EncryptDemo;
			};
			name = Release;
		};
/* End XCBuildConfiguration section */

/* Begin XCConfigurationList section */
		837A95201F306613006D93ED /* Build configuration list for PBXProject "EncryptDemo" */ = {
			isa = XCConfigurationList;
			buildConfigurations = (
				837A95501F306614006D93ED /* Debug */,
				837A95511F306614006D93ED /* Release */,
			);
			defaultConfigurationIsVisible = 0;
			defaultConfigurationName = Release;
		};
		837A95521F306614006D93ED /* Build configuration list for PBXNativeTarget "EncryptDemo" */ = {
			isa = XCConfigurationList;
			buildConfigurations = (
				837A95531F306614006D93ED /* Debug */,
				837A95541F306614006D93ED /* Release */,
			);
			defaultConfigurationIsVisible = 0;
			defaultConfigurationName = Release;
		};
		837A95551F306614006D93ED /* Build configuration list for PBXNativeTarget "EncryptDemoTests" */ = {
			isa = XCConfigurationList;
			buildConfigurations = (
				837A95561F306614006D93ED /* Debug */,
				837A95571F306614006D93ED /* Release */,
			);
			defaultConfigurationIsVisible = 0;
			defaultConfigurationName = Release;
		};
		837A95581F306614006D93ED /* Build configuration list for PBXNativeTarget "EncryptDemoUITests" */ = {
			isa = XCConfigurationList;
			buildConfigurations = (
				837A95591F306614006D93ED /* Debug */,
				837A955A1F306614006D93ED /* Release */,
			);
			defaultConfigurationIsVisible = 0;
			defaultConfigurationName = Release;
		};
/* End XCConfigurationList section */
	};
	rootObject = 837A951D1F306613006D93ED /* Project object */;
}
